{
    "requires": true,
    "lockfileVersion": 1,
    "dependencies": {
        "bootstrap-icons": {
            "version": "1.7.1",
            "resolved": "https://registry.npmjs.org/bootstrap-icons/-/bootstrap-icons-1.7.1.tgz",
            "integrity": "sha512-Hkuoo0qrWegA9cdzwS68YPSOLf7d42gqnMzT1tIy/SWvnxnI+Y5PFvK2qIbM/L7knH8SdC8FPgjA+bktzmGcAw=="
        },
        "ckeditor4": {
            "version": "4.17.1",
            "resolved": "https://registry.npmjs.org/ckeditor4/-/ckeditor4-4.17.1.tgz",
            "integrity": "sha512-VSTyro6tWd0B356SjJX8Zbix2Q85M/5h7469+vLb7DeNUP2vAimrPYoo29am2RRTTllyKxfLzVuTF8E9A1ssdA=="
        },
        "vue": {
            "version": "2.6.14",
            "resolved": "https://registry.npmjs.org/vue/-/vue-2.6.14.tgz",
            "integrity": "sha512-x2284lgYvjOMj3Za7kqzRcUSxBboHqtgRE2zlos1qWaOye5yUmHn42LB1250NJBLRwEcdrB0JRwyPTEPhfQjiQ==",
            "dev": true
        }
    }
}
